{
	"name": "js-diary",
	"version": "2.0.0",
	"lockfileVersion": 1,
	"requires": true,
	"dependencies": {
		"@types/node": {
			"version": "16.6.2",
			"resolved": "https://registry.npmjs.org/@types/node/-/node-16.6.2.tgz",
			"integrity": "sha512-LSw8TZt12ZudbpHc6EkIyDM3nHVWKYrAvGy6EAJfNfjusbwnThqjqxUKKRwuV3iWYeW/LYMzNgaq3MaLffQ2xA==",
			"dev": true
		},
		"commander": {
			"version": "8.1.0",
			"resolved": "https://registry.npmjs.org/commander/-/commander-8.1.0.tgz",
			"integrity": "sha512-mf45ldcuHSYShkplHHGKWb4TrmwQadxOn7v4WuhDJy0ZVoY5JFajaRDKD0PNe5qXzBX0rhovjTnP6Kz9LETcuA=="
		},
		"esbuild": {
			"version": "0.8.26",
			"resolved": "https://registry.npmjs.org/esbuild/-/esbuild-0.8.26.tgz",
			"integrity": "sha512-u3MMHOOumdWoAKF+073GHPpzvVB2cM+y9VD4ZwYs1FAQ6atRPISya35dbrbOu/mM68mQ42P+nwPzQVBTfQhkvQ==",
			"dev": true
		},
		"typescript": {
			"version": "4.3.5",
			"resolved": "https://registry.npmjs.org/typescript/-/typescript-4.3.5.tgz",
			"integrity": "sha512-DqQgihaQ9cUrskJo9kIyW/+g0Vxsk8cDtZ52a3NGh0YNTfpUSArXSohyUGnvbPazEPLu398C0UxmKSOrPumUzA==",
			"dev": true
		}
	}
}
